[[package]]
name = "certifi"
version = "2022.6.15.1"
description = "Python package for providing Mozilla's CA Bundle."
category = "main"
optional = false
python-versions = ">=3.6"

[[package]]
name = "charset-normalizer"
version = "2.1.1"
description = "The Real First Universal Charset Detector. Open, modern and actively maintained alternative to Chardet."
category = "main"
optional = false
python-versions = ">=3.6.0"

[package.extras]
unicode_backport = ["unicodedata2"]

[[package]]
name = "einops"
version = "0.4.1"
description = "A new flavour of deep learning operations"
category = "main"
optional = false
python-versions = "*"

[[package]]
name = "h5py"
version = "3.7.0"
description = "Read and write HDF5 files from Python"
category = "main"
optional = false
python-versions = ">=3.7"

[package.dependencies]
numpy = ">=1.14.5"

[[package]]
name = "hdf5storage"
version = "0.1.18"
description = "Utilities to read/write Python types to/from HDF5 files, including MATLAB v7.3 MAT files."
category = "main"
optional = false
python-versions = "*"

[package.dependencies]
h5py = {version = ">=2.1", markers = "python_version >= \"3.3\""}
numpy = {version = "*", markers = "python_version >= \"3.4\""}

[[package]]
name = "idna"
version = "3.3"
description = "Internationalized Domain Names in Applications (IDNA)"
category = "main"
optional = false
python-versions = ">=3.5"

[[package]]
name = "imageio"
version = "2.21.3"
description = "Library for reading and writing a wide range of image, video, scientific, and volumetric data formats."
category = "main"
optional = false
python-versions = ">=3.7"

[package.dependencies]
numpy = "*"
pillow = ">=8.3.2"

[package.extras]
all-plugins = ["astropy", "av", "imageio-ffmpeg", "opencv-python", "psutil", "tifffile"]
all-plugins-pypy = ["av", "imageio-ffmpeg", "psutil", "tifffile"]
build = ["wheel"]
dev = ["invoke", "pytest", "pytest-cov", "fsspec", "black", "flake8"]
docs = ["sphinx", "numpydoc", "pydata-sphinx-theme"]
ffmpeg = ["imageio-ffmpeg", "psutil"]
fits = ["astropy"]
full = ["astropy", "av", "black", "flake8", "fsspec", "gdal", "imageio-ffmpeg", "invoke", "itk", "numpydoc", "opencv-python", "psutil", "pydata-sphinx-theme", "pytest", "pytest-cov", "sphinx", "tifffile", "wheel"]
gdal = ["gdal"]
itk = ["itk"]
linting = ["black", "flake8"]
opencv = ["opencv-python"]
pyav = ["av"]
test = ["invoke", "pytest", "pytest-cov", "fsspec"]
tifffile = ["tifffile"]

[[package]]
name = "lmdb"
version = "1.3.0"
description = "Universal Python binding for the LMDB 'Lightning' Database"
category = "main"
optional = false
python-versions = "*"

[[package]]
name = "networkx"
version = "2.8.6"
description = "Python package for creating and manipulating graphs and networks"
category = "main"
optional = false
python-versions = ">=3.8"

[package.extras]
default = ["numpy (>=1.19)", "scipy (>=1.8)", "matplotlib (>=3.4)", "pandas (>=1.3)"]
developer = ["pre-commit (>=2.20)", "mypy (>=0.961)"]
doc = ["sphinx (>=5)", "pydata-sphinx-theme (>=0.9)", "sphinx-gallery (>=0.10)", "numpydoc (>=1.4)", "pillow (>=9.1)", "nb2plots (>=0.6)", "texext (>=0.6.6)"]
extra = ["lxml (>=4.6)", "pygraphviz (>=1.9)", "pydot (>=1.4.2)", "sympy (>=1.10)"]
test = ["pytest (>=7.1)", "pytest-cov (>=3.0)", "codecov (>=2.1)"]

[[package]]
name = "ninja"
version = "1.10.2.3"
description = "Ninja is a small build system with a focus on speed"
category = "main"
optional = false
python-versions = "*"

[package.extras]
test = ["codecov (>=2.0.5)", "coverage (>=4.2)", "flake8 (>=3.0.4)", "pytest (>=4.5.0)", "pytest-cov (>=2.7.1)", "pytest-runner (>=5.1)", "pytest-virtualenv (>=1.7.0)", "virtualenv (>=15.0.3)"]

[[package]]
name = "numpy"
version = "1.23.3"
description = "NumPy is the fundamental package for array computing with Python."
category = "main"
optional = false
python-versions = ">=3.8"

[[package]]
name = "opencv-python"
version = "4.6.0.66"
description = "Wrapper package for OpenCV python bindings."
category = "main"
optional = false
python-versions = ">=3.6"

[package.dependencies]
numpy = [
    {version = ">=1.21.2", markers = "python_version >= \"3.10\" or python_version >= \"3.6\" and platform_system == \"Darwin\" and platform_machine == \"arm64\""},
    {version = ">=1.19.3", markers = "python_version >= \"3.6\" and platform_system == \"Linux\" and platform_machine == \"aarch64\" or python_version >= \"3.9\""},
    {version = ">=1.14.5", markers = "python_version >= \"3.7\""},
    {version = ">=1.17.3", markers = "python_version >= \"3.8\""},
]

[[package]]
name = "packaging"
version = "21.3"
description = "Core utilities for Python packages"
category = "main"
optional = false
python-versions = ">=3.6"

[package.dependencies]
pyparsing = ">=2.0.2,<3.0.5 || >3.0.5"

[[package]]
name = "pillow"
version = "9.2.0"
description = "Python Imaging Library (Fork)"
category = "main"
optional = false
python-versions = ">=3.7"

[package.extras]
tests = ["pytest-timeout", "pytest-cov", "pytest", "pyroma", "packaging", "olefile", "markdown2", "defusedxml", "coverage", "check-manifest"]
docs = ["sphinxext-opengraph", "sphinx-removed-in", "sphinx-issues (>=3.0.1)", "sphinx-copybutton", "sphinx (>=2.4)", "olefile", "furo"]

[[package]]
name = "pyparsing"
version = "3.0.9"
description = "pyparsing module - Classes and methods to define and execute parsing grammars"
category = "main"
optional = false
python-versions = ">=3.6.8"

[package.extras]
diagrams = ["jinja2", "railroad-diagrams"]

[[package]]
name = "pywavelets"
version = "1.3.0"
description = "PyWavelets, wavelet transform module"
category = "main"
optional = false
python-versions = ">=3.7"

[package.dependencies]
numpy = ">=1.17.3"

[[package]]
name = "requests"
version = "2.28.1"
description = "Python HTTP for Humans."
category = "main"
optional = false
python-versions = ">=3.7, <4"

[package.dependencies]
certifi = ">=2017.4.17"
charset-normalizer = ">=2,<3"
idna = ">=2.5,<4"
urllib3 = ">=1.21.1,<1.27"

[package.extras]
use_chardet_on_py3 = ["chardet (>=3.0.2,<6)"]
socks = ["PySocks (>=1.5.6,!=1.5.7)"]

[[package]]
name = "scikit-image"
version = "0.19.3"
description = "Image processing in Python"
category = "main"
optional = false
python-versions = ">=3.7"

[package.dependencies]
imageio = ">=2.4.1"
networkx = ">=2.2"
numpy = ">=1.17.0"
packaging = ">=20.0"
pillow = ">=6.1.0,<7.1.0 || >7.1.0,<7.1.1 || >7.1.1,<8.3.0 || >8.3.0"
PyWavelets = ">=1.1.1"
scipy = ">=1.4.1"
tifffile = ">=2019.7.26"

[package.extras]
data = ["pooch (>=1.3.0)"]
docs = ["sphinx (>=1.8)", "sphinx-gallery (>=0.10.1)", "numpydoc (>=1.0)", "sphinx-copybutton", "pytest-runner", "scikit-learn", "matplotlib (>=3.3)", "dask[array] (>=0.15.0,!=2.17.0)", "cloudpickle (>=0.2.1)", "pandas (>=0.23.0)", "seaborn (>=0.7.1)", "pooch (>=1.3.0)", "tifffile (>=2020.5.30)", "myst-parser", "ipywidgets", "plotly (>=4.14.0)", "kaleido"]
optional = ["simpleitk", "astropy (>=3.1.2)", "cloudpickle (>=0.2.1)", "dask[array] (>=1.0.0,!=2.17.0)", "matplotlib (>=3.0.3)", "pooch (>=1.3.0)", "pyamg", "qtpy"]
test = ["asv", "codecov", "flake8", "matplotlib (>=3.0.3)", "pooch (>=1.3.0)", "pytest (>=5.2.0)", "pytest-cov (>=2.7.0)", "pytest-localserver", "pytest-faulthandler"]

[[package]]
name = "scipy"
version = "1.6.1"
description = "SciPy: Scientific Library for Python"
category = "main"
optional = false
python-versions = ">=3.7"

[package.dependencies]
numpy = ">=1.16.5"

[[package]]
name = "tifffile"
version = "2022.8.12"
description = "Read and write TIFF files"
category = "main"
optional = false
python-versions = ">=3.8"

[package.dependencies]
numpy = ">=1.19.2"

[package.extras]
all = ["imagecodecs (>=2022.2.22)", "matplotlib (>=3.3)", "lxml"]

[[package]]
name = "timm"
version = "0.6.7"
description = "(Unofficial) PyTorch Image Models"
category = "main"
optional = false
python-versions = ">=3.6"

[package.dependencies]
torch = ">=1.4"
torchvision = "*"

[[package]]
name = "torch"
version = "1.12.1"
description = "Tensors and Dynamic neural networks in Python with strong GPU acceleration"
category = "main"
optional = false
python-versions = ">=3.7.0"

[package.dependencies]
typing-extensions = "*"

[[package]]
name = "torchvision"
version = "0.13.1"
description = "image and video datasets and models for torch deep learning"
category = "main"
optional = false
python-versions = ">=3.7"

[package.dependencies]
numpy = "*"
pillow = ">=5.3.0,<8.3.0 || >=8.4.0"
requests = "*"
torch = "1.12.1"
typing-extensions = "*"

[package.extras]
scipy = ["scipy"]

[[package]]
name = "typing-extensions"
version = "4.3.0"
description = "Backported and Experimental Type Hints for Python 3.7+"
category = "main"
optional = false
python-versions = ">=3.7"

[[package]]
name = "urllib3"
version = "1.26.12"
description = "HTTP library with thread-safe connection pooling, file post, and more."
category = "main"
optional = false
python-versions = ">=2.7, !=3.0.*, !=3.1.*, !=3.2.*, !=3.3.*, !=3.4.*, !=3.5.*, <4"

[package.extras]
brotli = ["brotlicffi (>=0.8.0)", "brotli (>=1.0.9)", "brotlipy (>=0.6.0)"]
secure = ["pyOpenSSL (>=0.14)", "cryptography (>=1.3.4)", "idna (>=2.0.0)", "certifi", "urllib3-secure-extra", "ipaddress"]
socks = ["PySocks (>=1.5.6,!=1.5.7,<2.0)"]

[metadata]
lock-version = "1.1"
python-versions = "^3.9"
content-hash = "9adbe6d674feb7530dd6c543b04f07f2f7ebef1aea9234f61e3119721f43c2b5"

[metadata.files]
certifi = []
charset-normalizer = []
einops = []
h5py = []
hdf5storage = []
idna = [
    {file = "idna-3.3-py3-none-any.whl", hash = "sha256:84d9dd047ffa80596e0f246e2eab0b391788b0503584e8945f2368256d2735ff"},
    {file = "idna-3.3.tar.gz", hash = "sha256:9d643ff0a55b762d5cdb124b8eaa99c66322e2157b69160bc32796e824360e6d"},
]
imageio = []
lmdb = []
networkx = []
ninja = []
numpy = []
opencv-python = []
packaging = [
    {file = "packaging-21.3-py3-none-any.whl", hash = "sha256:ef103e05f519cdc783ae24ea4e2e0f508a9c99b2d4969652eed6a2e1ea5bd522"},
    {file = "packaging-21.3.tar.gz", hash = "sha256:dd47c42927d89ab911e606518907cc2d3a1f38bbd026385970643f9c5b8ecfeb"},
]
pillow = []
pyparsing = []
pywavelets = []
requests = []
scikit-image = []
scipy = []
tifffile = []
timm = []
torch = []
torchvision = []
typing-extensions = []
urllib3 = []
